
Microsoft Visual Studio Solution File, Format Version 12.00
# Visual Studio 15
VisualStudioVersion = 15.0.28307.489
MinimumVisualStudioVersion = 10.0.40219.1
Project("{9A19103F-16F7-4668-BE54-9A1E7A4F7556}") = "Dms.CharacteristicsManagement", "Dms.CharacteristicsManagement\Dms.CharacteristicsManagement.csproj", "{34DA376D-8A51-41F5-86D2-F86E6B85AD6F}"
EndProject
Project("{9A19103F-16F7-4668-BE54-9A1E7A4F7556}") = "Dms.VariantCharacteristicsManagement", "Dms.VariantCharacteristicsManagement\Dms.VariantCharacteristicsManagement.csproj", "{97A3015A-BD3D-4E1A-BEC0-AAD87C7643BB}"
EndProject
Project("{9A19103F-16F7-4668-BE54-9A1E7A4F7556}") = "Dms.VariantManagement", "Dms.VariantManagement\Dms.VariantManagement.csproj", "{4E7A6A17-A078-4A93-9C69-96EF52EB1F1E}"
EndProject
Global
	GlobalSection(SolutionConfigurationPlatforms) = preSolution
		Debug|Any CPU = Debug|Any CPU
		Release|Any CPU = Release|Any CPU
	EndGlobalSection
	GlobalSection(ProjectConfigurationPlatforms) = postSolution
		{34DA376D-8A51-41F5-86D2-F86E6B85AD6F}.Debug|Any CPU.ActiveCfg = Debug|Any CPU
		{34DA376D-8A51-41F5-86D2-F86E6B85AD6F}.Debug|Any CPU.Build.0 = Debug|Any CPU
		{34DA376D-8A51-41F5-86D2-F86E6B85AD6F}.Release|Any CPU.ActiveCfg = Release|Any CPU
		{34DA376D-8A51-41F5-86D2-F86E6B85AD6F}.Release|Any CPU.Build.0 = Release|Any CPU
		{97A3015A-BD3D-4E1A-BEC0-AAD87C7643BB}.Debug|Any CPU.ActiveCfg = Debug|Any CPU
		{97A3015A-BD3D-4E1A-BEC0-AAD87C7643BB}.Debug|Any CPU.Build.0 = Debug|Any CPU
		{97A3015A-BD3D-4E1A-BEC0-AAD87C7643BB}.Release|Any CPU.ActiveCfg = Release|Any CPU
		{97A3015A-BD3D-4E1A-BEC0-AAD87C7643BB}.Release|Any CPU.Build.0 = Release|Any CPU
		{4E7A6A17-A078-4A93-9C69-96EF52EB1F1E}.Debug|Any CPU.ActiveCfg = Debug|Any CPU
		{4E7A6A17-A078-4A93-9C69-96EF52EB1F1E}.Debug|Any CPU.Build.0 = Debug|Any CPU
		{4E7A6A17-A078-4A93-9C69-96EF52EB1F1E}.Release|Any CPU.ActiveCfg = Release|Any CPU
		{4E7A6A17-A078-4A93-9C69-96EF52EB1F1E}.Release|Any CPU.Build.0 = Release|Any CPU
	EndGlobalSection
	GlobalSection(SolutionProperties) = preSolution
		HideSolutionNode = FALSE
	EndGlobalSection
	GlobalSection(ExtensibilityGlobals) = postSolution
		SolutionGuid = {A149CFCB-3B5A-4613-BCD3-BD6E96367B07}
	EndGlobalSection
EndGlobal
